{
    "_readme": [
        "This file locks the dependencies of your project to a known state",
        "Read more about it at https://getcomposer.org/doc/01-basic-usage.md#installing-dependencies",
        "This file is @generated automatically"
    ],
    "content-hash": "14890bfb0039755198363ff8dd762da2",
    "packages": [
        {
            "name": "icewind/smb",
            "version": "v3.5.2",
            "source": {
                "type": "git",
                "url": "https://github.com/icewind1991/SMB.git",
                "reference": "0a425bd21acf7ae112b135dca34640e1b1a825c3"
            },
            "dist": {
                "type": "zip",
                "url": "https://api.github.com/repos/icewind1991/SMB/zipball/0a425bd21acf7ae112b135dca34640e1b1a825c3",
                "reference": "0a425bd21acf7ae112b135dca34640e1b1a825c3",
                "shasum": ""
            },
            "require": {
                "icewind/streams": ">=0.7.3",
                "php": ">=7.2"
            },
            "require-dev": {
                "friendsofphp/php-cs-fixer": "^2.16",
                "phpstan/phpstan": "^0.12.57",
                "phpunit/phpunit": "^8.5|^9.3.8",
                "psalm/phar": "^4.3"
            },
            "type": "library",
            "autoload": {
                "psr-4": {
                    "Icewind\\SMB\\": "src/"
                }
            },
            "notification-url": "https://packagist.org/downloads/",
            "license": [
                "MIT"
            ],
            "authors": [
                {
                    "name": "Robin Appelman",
                    "email": "icewind@owncloud.com"
                }
            ],
            "description": "php wrapper for smbclient and libsmbclient-php",
            "support": {
                "issues": "https://github.com/icewind1991/SMB/issues",
                "source": "https://github.com/icewind1991/SMB/tree/v3.5.2"
            },
            "time": "2022-01-20T14:51:51+00:00"
        },
        {
            "name": "icewind/streams",
            "version": "v0.7.5",
            "source": {
                "type": "git",
                "url": "https://github.com/icewind1991/Streams.git",
                "reference": "0c6aae16ebdadb257f0bd089c1e1e4cf5e20ddc2"
            },
            "dist": {
                "type": "zip",
                "url": "https://api.github.com/repos/icewind1991/Streams/zipball/0c6aae16ebdadb257f0bd089c1e1e4cf5e20ddc2",
                "reference": "0c6aae16ebdadb257f0bd089c1e1e4cf5e20ddc2",
                "shasum": ""
            },
            "require": {
                "php": ">=7.1"
            },
            "require-dev": {
                "friendsofphp/php-cs-fixer": "^2",
                "phpstan/phpstan": "^0.12",
                "phpunit/phpunit": "^9"
            },
            "type": "library",
            "autoload": {
                "psr-4": {
                    "Icewind\\Streams\\": "src/"
                }
            },
            "notification-url": "https://packagist.org/downloads/",
            "license": [
                "MIT"
            ],
            "authors": [
                {
                    "name": "Robin Appelman",
                    "email": "icewind@owncloud.com"
                }
            ],
            "description": "A set of generic stream wrappers",
            "support": {
                "issues": "https://github.com/icewind1991/Streams/issues",
                "source": "https://github.com/icewind1991/Streams/tree/v0.7.5"
            },
            "time": "2021-06-14T14:02:48+00:00"
        },
        {
            "name": "league/flysystem",
            "version": "3.0.3",
            "source": {
                "type": "git",
                "url": "https://github.com/thephpleague/flysystem.git",
                "reference": "9f8b4260031bfef5497477da53dd57b2aaff0e06"
            },
            "dist": {
                "type": "zip",
                "url": "https://api.github.com/repos/thephpleague/flysystem/zipball/9f8b4260031bfef5497477da53dd57b2aaff0e06",
                "reference": "9f8b4260031bfef5497477da53dd57b2aaff0e06",
                "shasum": ""
            },
            "require": {
                "ext-json": "*",
                "league/mime-type-detection": "^1.0.0",
                "php": "^8.0.2"
            },
            "conflict": {
                "guzzlehttp/guzzle": "<7.0",
                "guzzlehttp/ringphp": "<1.1.1",
                "symfony/http-client": "<5.2"
            },
            "require-dev": {
                "async-aws/s3": "^1.5",
                "async-aws/simple-s3": "^1.0",
                "aws/aws-sdk-php": "^3.198.1",
                "composer/semver": "^3.0",
                "ext-fileinfo": "*",
                "ext-ftp": "*",
                "ext-zip": "*",
                "friendsofphp/php-cs-fixer": "^3.5",
                "google/cloud-storage": "^1.23",
                "phpseclib/phpseclib": "^2.0",
                "phpstan/phpstan": "^0.12.26",
                "phpunit/phpunit": "^9.5.11",
                "sabre/dav": "^4.1"
            },
            "type": "library",
            "autoload": {
                "psr-4": {
                    "League\\Flysystem\\": "src"
                }
            },
            "notification-url": "https://packagist.org/downloads/",
            "license": [
                "MIT"
            ],
            "authors": [
                {
                    "name": "Frank de Jonge",
                    "email": "info@frankdejonge.nl"
                }
            ],
            "description": "File storage abstraction for PHP",
            "keywords": [
                "WebDAV",
                "aws",
                "cloud",
                "file",
                "files",
                "filesystem",
                "filesystems",
                "ftp",
                "s3",
                "sftp",
                "storage"
            ],
            "support": {
                "issues": "https://github.com/thephpleague/flysystem/issues",
                "source": "https://github.com/thephpleague/flysystem/tree/3.0.3"
            },
            "funding": [
                {
                    "url": "https://offset.earth/frankdejonge",
                    "type": "custom"
                },
                {
                    "url": "https://github.com/frankdejonge",
                    "type": "github"
                },
                {
                    "url": "https://tidelift.com/funding/github/packagist/league/flysystem",
                    "type": "tidelift"
                }
            ],
            "time": "2022-01-31T19:41:04+00:00"
        },
        {
            "name": "league/mime-type-detection",
            "version": "1.9.0",
            "source": {
                "type": "git",
                "url": "https://github.com/thephpleague/mime-type-detection.git",
                "reference": "aa70e813a6ad3d1558fc927863d47309b4c23e69"
            },
            "dist": {
                "type": "zip",
                "url": "https://api.github.com/repos/thephpleague/mime-type-detection/zipball/aa70e813a6ad3d1558fc927863d47309b4c23e69",
                "reference": "aa70e813a6ad3d1558fc927863d47309b4c23e69",
                "shasum": ""
            },
            "require": {
                "ext-fileinfo": "*",
                "php": "^7.2 || ^8.0"
            },
            "require-dev": {
                "friendsofphp/php-cs-fixer": "^3.2",
                "phpstan/phpstan": "^0.12.68",
                "phpunit/phpunit": "^8.5.8 || ^9.3"
            },
            "type": "library",
            "autoload": {
                "psr-4": {
                    "League\\MimeTypeDetection\\": "src"
                }
            },
            "notification-url": "https://packagist.org/downloads/",
            "license": [
                "MIT"
            ],
            "authors": [
                {
                    "name": "Frank de Jonge",
                    "email": "info@frankdejonge.nl"
                }
            ],
            "description": "Mime-type detection for Flysystem",
            "support": {
                "issues": "https://github.com/thephpleague/mime-type-detection/issues",
                "source": "https://github.com/thephpleague/mime-type-detection/tree/1.9.0"
            },
            "funding": [
                {
                    "url": "https://github.com/frankdejonge",
                    "type": "github"
                },
                {
                    "url": "https://tidelift.com/funding/github/packagist/league/flysystem",
                    "type": "tidelift"
                }
            ],
            "time": "2021-11-21T11:48:40+00:00"
        }
    ],
    "packages-dev": [],
    "aliases": [],
    "minimum-stability": "stable",
    "stability-flags": [],
    "prefer-stable": false,
    "prefer-lowest": false,
    "platform": {
        "php": "^8.0",
        "ext-smbclient": "*"
    },
    "platform-dev": [],
    "plugin-api-version": "2.1.0"
}
